
Microsoft Visual Studio Solution File, Format Version 12.00
# Visual Studio Version 17
VisualStudioVersion = 17.8.34511.84
MinimumVisualStudioVersion = 10.0.40219.1
Project("{FAE04EC0-301F-11D3-BF4B-00C04F79EFBC}") = "DemoBooks", "DemoBooks.csproj", "{022C883D-8B7F-48F0-A3C8-C3A370F82025}"
EndProject
Global
	GlobalSection(SolutionConfigurationPlatforms) = preSolution
		Debug|Any CPU = Debug|Any CPU
		Release|Any CPU = Release|Any CPU
	EndGlobalSection
	GlobalSection(ProjectConfigurationPlatforms) = postSolution
		{022C883D-8B7F-48F0-A3C8-C3A370F82025}.Debug|Any CPU.ActiveCfg = Debug|Any CPU
		{022C883D-8B7F-48F0-A3C8-C3A370F82025}.Debug|Any CPU.Build.0 = Debug|Any CPU
		{022C883D-8B7F-48F0-A3C8-C3A370F82025}.Release|Any CPU.ActiveCfg = Release|Any CPU
		{022C883D-8B7F-48F0-A3C8-C3A370F82025}.Release|Any CPU.Build.0 = Release|Any CPU
	EndGlobalSection
	GlobalSection(SolutionProperties) = preSolution
		HideSolutionNode = FALSE
	EndGlobalSection
	GlobalSection(ExtensibilityGlobals) = postSolution
		SolutionGuid = {FE9E936B-A59E-4692-A704-5902A57FD507}
	EndGlobalSection
EndGlobal
