
Microsoft Visual Studio Solution File, Format Version 12.00
# Visual Studio Version 17
VisualStudioVersion = 17.8.34322.80
MinimumVisualStudioVersion = 10.0.40219.1
Project("{FAE04EC0-301F-11D3-BF4B-00C04F79EFBC}") = "001_fundamentals", "001_fundamentals.csproj", "{2351F4D6-6C16-430F-811E-20D0736CBB4E}"
EndProject
Global
	GlobalSection(SolutionConfigurationPlatforms) = preSolution
		Debug|Any CPU = Debug|Any CPU
		Release|Any CPU = Release|Any CPU
	EndGlobalSection
	GlobalSection(ProjectConfigurationPlatforms) = postSolution
		{2351F4D6-6C16-430F-811E-20D0736CBB4E}.Debug|Any CPU.ActiveCfg = Debug|Any CPU
		{2351F4D6-6C16-430F-811E-20D0736CBB4E}.Debug|Any CPU.Build.0 = Debug|Any CPU
		{2351F4D6-6C16-430F-811E-20D0736CBB4E}.Release|Any CPU.ActiveCfg = Release|Any CPU
		{2351F4D6-6C16-430F-811E-20D0736CBB4E}.Release|Any CPU.Build.0 = Release|Any CPU
	EndGlobalSection
	GlobalSection(SolutionProperties) = preSolution
		HideSolutionNode = FALSE
	EndGlobalSection
	GlobalSection(ExtensibilityGlobals) = postSolution
		SolutionGuid = {0AB5EB70-A4C5-4C16-BF41-58FB4BF6F57D}
	EndGlobalSection
EndGlobal
